
Microsoft Visual Studio Solution File, Format Version 12.00
# Visual Studio Version 17
VisualStudioVersion = 17.4.33110.190
MinimumVisualStudioVersion = 10.0.40219.1
Project("{FAE04EC0-301F-11D3-BF4B-00C04F79EFBC}") = "Task1", "Task1\Task1.csproj", "{7FF04CD2-6510-49FC-951E-E72CF1424999}"
EndProject
Global
	GlobalSection(SolutionConfigurationPlatforms) = preSolution
		Debug|Any CPU = Debug|Any CPU
		Release|Any CPU = Release|Any CPU
	EndGlobalSection
	GlobalSection(ProjectConfigurationPlatforms) = postSolution
		{7FF04CD2-6510-49FC-951E-E72CF1424999}.Debug|Any CPU.ActiveCfg = Debug|Any CPU
		{7FF04CD2-6510-49FC-951E-E72CF1424999}.Debug|Any CPU.Build.0 = Debug|Any CPU
		{7FF04CD2-6510-49FC-951E-E72CF1424999}.Release|Any CPU.ActiveCfg = Release|Any CPU
		{7FF04CD2-6510-49FC-951E-E72CF1424999}.Release|Any CPU.Build.0 = Release|Any CPU
	EndGlobalSection
	GlobalSection(SolutionProperties) = preSolution
		HideSolutionNode = FALSE
	EndGlobalSection
	GlobalSection(ExtensibilityGlobals) = postSolution
		SolutionGuid = {11DA4C71-E2C8-459B-BC1F-BF5AF49C5865}
	EndGlobalSection
EndGlobal
